
Microsoft Visual Studio Solution File, Format Version 12.00
# Visual Studio 2013
VisualStudioVersion = 12.0.21005.1
MinimumVisualStudioVersion = 10.0.40219.1
Project("{2150E333-8FDC-42A3-9474-1A3956D46DE8}") = "1-基础设施", "1-基础设施", "{77C40A27-5852-4848-893C-642CE64A5BCF}"
EndProject
Project("{2150E333-8FDC-42A3-9474-1A3956D46DE8}") = "2-展现层", "2-展现层", "{1C65611C-0C1C-471C-99BF-0A585DA0DDFE}"
EndProject
Project("{2150E333-8FDC-42A3-9474-1A3956D46DE8}") = "3-插件", "3-插件", "{479DFEF2-8574-400D-AAB9-AD73A3DDB2A1}"
EndProject
Project("{2150E333-8FDC-42A3-9474-1A3956D46DE8}") = "4-单元测试", "4-单元测试", "{BFD2DF8C-14EB-44FA-B4AF-2CE193031ACD}"
EndProject
Project("{2150E333-8FDC-42A3-9474-1A3956D46DE8}") = "5-文档", "5-文档", "{BB3841A6-3012-4A68-B508-AD52A3BD4D60}"
EndProject
Project("{FAE04EC0-301F-11D3-BF4B-00C04F79EFBC}") = "ODeer.Hosting.Web", "ODeer.Hosting.Web\ODeer.Hosting.Web.csproj", "{54E3EC82-5923-4EDA-84E1-6305D811B7D3}"
EndProject
Project("{2150E333-8FDC-42A3-9474-1A3956D46DE8}") = "AdminPlugin", "AdminPlugin", "{1D96D242-C1C4-46D6-A8CA-C1F0C5761174}"
EndProject
Project("{FAE04EC0-301F-11D3-BF4B-00C04F79EFBC}") = "ODeer.Plugin.Admin", "ODeer.Hosting.Web\Plugins\ODeer.Plugin.Admin\ODeer.Plugin.Admin.csproj", "{5D0D4488-691F-48CC-ABBA-534837DBEF22}"
EndProject
Project("{FAE04EC0-301F-11D3-BF4B-00C04F79EFBC}") = "ODeer.Plugin", "ODeer.Plugin\ODeer.Plugin.csproj", "{06F764F1-881B-430E-A03F-4D4E62A09013}"
EndProject
Project("{FAE04EC0-301F-11D3-BF4B-00C04F79EFBC}") = "ODeer.Utility", "ODeer.Utility\ODeer.Utility.csproj", "{344E1EA5-1D0E-4FFB-975B-D2206ED5BC6E}"
EndProject
Project("{FAE04EC0-301F-11D3-BF4B-00C04F79EFBC}") = "ODeer.Web", "ODeer.Web\ODeer.Web.csproj", "{C2A8F74F-8BED-42EE-B087-A1E7E1BC5E32}"
EndProject
Project("{2150E333-8FDC-42A3-9474-1A3956D46DE8}") = "DemoPlugin", "DemoPlugin", "{9E68519D-D65E-471E-A04D-289F829C0F3C}"
EndProject
Project("{FAE04EC0-301F-11D3-BF4B-00C04F79EFBC}") = "ODeer.Plugin.Demo", "ODeer.Hosting.Web\Plugins\ODeer.Plugin.Demo\ODeer.Plugin.Demo.csproj", "{3299C2AF-97D3-426E-979C-02CC357DCF0B}"
EndProject
Global
	GlobalSection(SolutionConfigurationPlatforms) = preSolution
		Debug|Any CPU = Debug|Any CPU
		Release|Any CPU = Release|Any CPU
	EndGlobalSection
	GlobalSection(ProjectConfigurationPlatforms) = postSolution
		{54E3EC82-5923-4EDA-84E1-6305D811B7D3}.Debug|Any CPU.ActiveCfg = Debug|Any CPU
		{54E3EC82-5923-4EDA-84E1-6305D811B7D3}.Debug|Any CPU.Build.0 = Debug|Any CPU
		{54E3EC82-5923-4EDA-84E1-6305D811B7D3}.Release|Any CPU.ActiveCfg = Release|Any CPU
		{54E3EC82-5923-4EDA-84E1-6305D811B7D3}.Release|Any CPU.Build.0 = Release|Any CPU
		{5D0D4488-691F-48CC-ABBA-534837DBEF22}.Debug|Any CPU.ActiveCfg = Debug|Any CPU
		{5D0D4488-691F-48CC-ABBA-534837DBEF22}.Debug|Any CPU.Build.0 = Debug|Any CPU
		{5D0D4488-691F-48CC-ABBA-534837DBEF22}.Release|Any CPU.ActiveCfg = Release|Any CPU
		{5D0D4488-691F-48CC-ABBA-534837DBEF22}.Release|Any CPU.Build.0 = Release|Any CPU
		{06F764F1-881B-430E-A03F-4D4E62A09013}.Debug|Any CPU.ActiveCfg = Debug|Any CPU
		{06F764F1-881B-430E-A03F-4D4E62A09013}.Debug|Any CPU.Build.0 = Debug|Any CPU
		{06F764F1-881B-430E-A03F-4D4E62A09013}.Release|Any CPU.ActiveCfg = Release|Any CPU
		{06F764F1-881B-430E-A03F-4D4E62A09013}.Release|Any CPU.Build.0 = Release|Any CPU
		{344E1EA5-1D0E-4FFB-975B-D2206ED5BC6E}.Debug|Any CPU.ActiveCfg = Debug|Any CPU
		{344E1EA5-1D0E-4FFB-975B-D2206ED5BC6E}.Debug|Any CPU.Build.0 = Debug|Any CPU
		{344E1EA5-1D0E-4FFB-975B-D2206ED5BC6E}.Release|Any CPU.ActiveCfg = Release|Any CPU
		{344E1EA5-1D0E-4FFB-975B-D2206ED5BC6E}.Release|Any CPU.Build.0 = Release|Any CPU
		{C2A8F74F-8BED-42EE-B087-A1E7E1BC5E32}.Debug|Any CPU.ActiveCfg = Debug|Any CPU
		{C2A8F74F-8BED-42EE-B087-A1E7E1BC5E32}.Debug|Any CPU.Build.0 = Debug|Any CPU
		{C2A8F74F-8BED-42EE-B087-A1E7E1BC5E32}.Release|Any CPU.ActiveCfg = Release|Any CPU
		{C2A8F74F-8BED-42EE-B087-A1E7E1BC5E32}.Release|Any CPU.Build.0 = Release|Any CPU
		{3299C2AF-97D3-426E-979C-02CC357DCF0B}.Debug|Any CPU.ActiveCfg = Debug|Any CPU
		{3299C2AF-97D3-426E-979C-02CC357DCF0B}.Debug|Any CPU.Build.0 = Debug|Any CPU
		{3299C2AF-97D3-426E-979C-02CC357DCF0B}.Release|Any CPU.ActiveCfg = Release|Any CPU
		{3299C2AF-97D3-426E-979C-02CC357DCF0B}.Release|Any CPU.Build.0 = Release|Any CPU
	EndGlobalSection
	GlobalSection(SolutionProperties) = preSolution
		HideSolutionNode = FALSE
	EndGlobalSection
	GlobalSection(NestedProjects) = preSolution
		{06F764F1-881B-430E-A03F-4D4E62A09013} = {77C40A27-5852-4848-893C-642CE64A5BCF}
		{344E1EA5-1D0E-4FFB-975B-D2206ED5BC6E} = {77C40A27-5852-4848-893C-642CE64A5BCF}
		{C2A8F74F-8BED-42EE-B087-A1E7E1BC5E32} = {77C40A27-5852-4848-893C-642CE64A5BCF}
		{54E3EC82-5923-4EDA-84E1-6305D811B7D3} = {1C65611C-0C1C-471C-99BF-0A585DA0DDFE}
		{1D96D242-C1C4-46D6-A8CA-C1F0C5761174} = {479DFEF2-8574-400D-AAB9-AD73A3DDB2A1}
		{9E68519D-D65E-471E-A04D-289F829C0F3C} = {479DFEF2-8574-400D-AAB9-AD73A3DDB2A1}
		{5D0D4488-691F-48CC-ABBA-534837DBEF22} = {1D96D242-C1C4-46D6-A8CA-C1F0C5761174}
		{3299C2AF-97D3-426E-979C-02CC357DCF0B} = {9E68519D-D65E-471E-A04D-289F829C0F3C}
	EndGlobalSection
EndGlobal
